// !$*UTF8*$!
{
	archiveVersion = 1;
	classes = {
	};
	objectVersion = 46;
	objects = {

/* Begin PBXBuildFile section */
		74F1F6201C83287100B997C9 /* AppDelegate.swift in Sources */ = {isa = PBXBuildFile; fileRef = 74F1F61F1C83287100B997C9 /* AppDelegate.swift */; };
		74F1F6221C83287100B997C9 /* ViewController.swift in Sources */ = {isa = PBXBuildFile; fileRef = 74F1F6211C83287100B997C9 /* ViewController.swift */; };
		74F1F6251C83287100B997C9 /* Main.storyboard in Resources */ = {isa = PBXBuildFile; fileRef = 74F1F6231C83287100B997C9 /* Main.storyboard */; };
		74F1F6271C83287200B997C9 /* Assets.xcassets in Resources */ = {isa = PBXBuildFile; fileRef = 74F1F6261C83287200B997C9 /* Assets.xcassets */; };
		74F1F62A1C83287200B997C9 /* LaunchScreen.storyboard in Resources */ = {isa = PBXBuildFile; fileRef = 74F1F6281C83287200B997C9 /* LaunchScreen.storyboard */; };
		74F1F6351C83287300B997C9 /* BlueprintFourTests.swift in Sources */ = {isa = PBXBuildFile; fileRef = 74F1F6341C83287300B997C9 /* BlueprintFourTests.swift */; };
		74F1F6401C83287400B997C9 /* BlueprintFourUITests.swift in Sources */ = {isa = PBXBuildFile; fileRef = 74F1F63F1C83287400B997C9 /* BlueprintFourUITests.swift */; };
/* End PBXBuildFile section */

/* Begin PBXContainerItemProxy section */
		74F1F6311C83287300B997C9 /* PBXContainerItemProxy */ = {
			isa = PBXContainerItemProxy;
			containerPortal = 74F1F6141C83287100B997C9 /* Project object */;
			proxyType = 1;
			remoteGlobalIDString = 74F1F61B1C83287100B997C9;
			remoteInfo = BlueprintFour;
		};
		74F1F63C1C83287300B997C9 /* PBXContainerItemProxy */ = {
			isa = PBXContainerItemProxy;
			containerPortal = 74F1F6141C83287100B997C9 /* Project object */;
			proxyType = 1;
			remoteGlobalIDString = 74F1F61B1C83287100B997C9;
			remoteInfo = BlueprintFour;
		};
/* End PBXContainerItemProxy section */

/* Begin PBXFileReference section */
		74F1F61C1C83287100B997C9 /* BlueprintFour.app */ = {isa = PBXFileReference; explicitFileType = wrapper.application; includeInIndex = 0; path = BlueprintFour.app; sourceTree = BUILT_PRODUCTS_DIR; };
		74F1F61F1C83287100B997C9 /* AppDelegate.swift */ = {isa = PBXFileReference; lastKnownFileType = sourcecode.swift; path = AppDelegate.swift; sourceTree = "<group>"; };
		74F1F6211C83287100B997C9 /* ViewController.swift */ = {isa = PBXFileReference; lastKnownFileType = sourcecode.swift; path = ViewController.swift; sourceTree = "<group>"; };
		74F1F6241C83287100B997C9 /* Base */ = {isa = PBXFileReference; lastKnownFileType = file.storyboard; name = Base; path = Base.lproj/Main.storyboard; sourceTree = "<group>"; };
		74F1F6261C83287200B997C9 /* Assets.xcassets */ = {isa = PBXFileReference; lastKnownFileType = folder.assetcatalog; path = Assets.xcassets; sourceTree = "<group>"; };
		74F1F6291C83287200B997C9 /* Base */ = {isa = PBXFileReference; lastKnownFileType = file.storyboard; name = Base; path = Base.lproj/LaunchScreen.storyboard; sourceTree = "<group>"; };
		74F1F62B1C83287200B997C9 /* Info.plist */ = {isa = PBXFileReference; lastKnownFileType = text.plist.xml; path = Info.plist; sourceTree = "<group>"; };
		74F1F6301C83287300B997C9 /* BlueprintFourTests.xctest */ = {isa = PBXFileReference; explicitFileType = wrapper.cfbundle; includeInIndex = 0; path = BlueprintFourTests.xctest; sourceTree = BUILT_PRODUCTS_DIR; };
		74F1F6341C83287300B997C9 /* BlueprintFourTests.swift */ = {isa = PBXFileReference; lastKnownFileType = sourcecode.swift; path = BlueprintFourTests.swift; sourceTree = "<group>"; };
		74F1F6361C83287300B997C9 /* Info.plist */ = {isa = PBXFileReference; lastKnownFileType = text.plist.xml; path = Info.plist; sourceTree = "<group>"; };
		74F1F63B1C83287300B997C9 /* BlueprintFourUITests.xctest */ = {isa = PBXFileReference; explicitFileType = wrapper.cfbundle; includeInIndex = 0; path = BlueprintFourUITests.xctest; sourceTree = BUILT_PRODUCTS_DIR; };
		74F1F63F1C83287400B997C9 /* BlueprintFourUITests.swift */ = {isa = PBXFileReference; lastKnownFileType = sourcecode.swift; path = BlueprintFourUITests.swift; sourceTree = "<group>"; };
		74F1F6411C83287400B997C9 /* Info.plist */ = {isa = PBXFileReference; lastKnownFileType = text.plist.xml; path = Info.plist; sourceTree = "<group>"; };
/* End PBXFileReference section */

/* Begin PBXFrameworksBuildPhase section */
		74F1F6191C83287100B997C9 /* Frameworks */ = {
			isa = PBXFrameworksBuildPhase;
			buildActionMask = 2147483647;
			files = (
			);
			runOnlyForDeploymentPostprocessing = 0;
		};
		74F1F62D1C83287300B997C9 /* Frameworks */ = {
			isa = PBXFrameworksBuildPhase;
			buildActionMask = 2147483647;
			files = (
			);
			runOnlyForDeploymentPostprocessing = 0;
		};
		74F1F6381C83287300B997C9 /* Frameworks */ = {
			isa = PBXFrameworksBuildPhase;
			buildActionMask = 2147483647;
			files = (
			);
			runOnlyForDeploymentPostprocessing = 0;
		};
/* End PBXFrameworksBuildPhase section */

/* Begin PBXGroup section */
		74F1F6131C83287100B997C9 = {
			isa = PBXGroup;
			children = (
				74F1F61E1C83287100B997C9 /* BlueprintFour */,
				74F1F6331C83287300B997C9 /* BlueprintFourTests */,
				74F1F63E1C83287300B997C9 /* BlueprintFourUITests */,
				74F1F61D1C83287100B997C9 /* Products */,
			);
			sourceTree = "<group>";
		};
		74F1F61D1C83287100B997C9 /* Products */ = {
			isa = PBXGroup;
			children = (
				74F1F61C1C83287100B997C9 /* BlueprintFour.app */,
				74F1F6301C83287300B997C9 /* BlueprintFourTests.xctest */,
				74F1F63B1C83287300B997C9 /* BlueprintFourUITests.xctest */,
			);
			name = Products;
			sourceTree = "<group>";
		};
		74F1F61E1C83287100B997C9 /* BlueprintFour */ = {
			isa = PBXGroup;
			children = (
				74F1F61F1C83287100B997C9 /* AppDelegate.swift */,
				74F1F6211C83287100B997C9 /* ViewController.swift */,
				74F1F6231C83287100B997C9 /* Main.storyboard */,
				74F1F6261C83287200B997C9 /* Assets.xcassets */,
				74F1F6281C83287200B997C9 /* LaunchScreen.storyboard */,
				74F1F62B1C83287200B997C9 /* Info.plist */,
			);
			path = BlueprintFour;
			sourceTree = "<group>";
		};
		74F1F6331C83287300B997C9 /* BlueprintFourTests */ = {
			isa = PBXGroup;
			children = (
				74F1F6341C83287300B997C9 /* BlueprintFourTests.swift */,
				74F1F6361C83287300B997C9 /* Info.plist */,
			);
			path = BlueprintFourTests;
			sourceTree = "<group>";
		};
		74F1F63E1C83287300B997C9 /* BlueprintFourUITests */ = {
			isa = PBXGroup;
			children = (
				74F1F63F1C83287400B997C9 /* BlueprintFourUITests.swift */,
				74F1F6411C83287400B997C9 /* Info.plist */,
			);
			path = BlueprintFourUITests;
			sourceTree = "<group>";
		};
/* End PBXGroup section */

/* Begin PBXNativeTarget section */
		74F1F61B1C83287100B997C9 /* BlueprintFour */ = {
			isa = PBXNativeTarget;
			buildConfigurationList = 74F1F6441C83287400B997C9 /* Build configuration list for PBXNativeTarget "BlueprintFour" */;
			buildPhases = (
				74F1F6181C83287100B997C9 /* Sources */,
				74F1F6191C83287100B997C9 /* Frameworks */,
				74F1F61A1C83287100B997C9 /* Resources */,
			);
			buildRules = (
			);
			dependencies = (
			);
			name = BlueprintFour;
			productName = BlueprintFour;
			productReference = 74F1F61C1C83287100B997C9 /* BlueprintFour.app */;
			productType = "com.apple.product-type.application";
		};
		74F1F62F1C83287300B997C9 /* BlueprintFourTests */ = {
			isa = PBXNativeTarget;
			buildConfigurationList = 74F1F6471C83287400B997C9 /* Build configuration list for PBXNativeTarget "BlueprintFourTests" */;
			buildPhases = (
				74F1F62C1C83287300B997C9 /* Sources */,
				74F1F62D1C83287300B997C9 /* Frameworks */,
				74F1F62E1C83287300B997C9 /* Resources */,
			);
			buildRules = (
			);
			dependencies = (
				74F1F6321C83287300B997C9 /* PBXTargetDependency */,
			);
			name = BlueprintFourTests;
			productName = BlueprintFourTests;
			productReference = 74F1F6301C83287300B997C9 /* BlueprintFourTests.xctest */;
			productType = "com.apple.product-type.bundle.unit-test";
		};
		74F1F63A1C83287300B997C9 /* BlueprintFourUITests */ = {
			isa = PBXNativeTarget;
			buildConfigurationList = 74F1F64A1C83287400B997C9 /* Build configuration list for PBXNativeTarget "BlueprintFourUITests" */;
			buildPhases = (
				74F1F6371C83287300B997C9 /* Sources */,
				74F1F6381C83287300B997C9 /* Frameworks */,
				74F1F6391C83287300B997C9 /* Resources */,
			);
			buildRules = (
			);
			dependencies = (
				74F1F63D1C83287300B997C9 /* PBXTargetDependency */,
			);
			name = BlueprintFourUITests;
			productName = BlueprintFourUITests;
			productReference = 74F1F63B1C83287300B997C9 /* BlueprintFourUITests.xctest */;
			productType = "com.apple.product-type.bundle.ui-testing";
		};
/* End PBXNativeTarget section */

/* Begin PBXProject section */
		74F1F6141C83287100B997C9 /* Project object */ = {
			isa = PBXProject;
			attributes = {
				LastSwiftUpdateCheck = 0710;
				LastUpgradeCheck = 0710;
				ORGANIZATIONNAME = "Cassandra Kane";
				TargetAttributes = {
					74F1F61B1C83287100B997C9 = {
						CreatedOnToolsVersion = 7.1.1;
					};
					74F1F62F1C83287300B997C9 = {
						CreatedOnToolsVersion = 7.1.1;
						TestTargetID = 74F1F61B1C83287100B997C9;
					};
					74F1F63A1C83287300B997C9 = {
						CreatedOnToolsVersion = 7.1.1;
						TestTargetID = 74F1F61B1C83287100B997C9;
					};
				};
			};
			buildConfigurationList = 74F1F6171C83287100B997C9 /* Build configuration list for PBXProject "BlueprintFour" */;
			compatibilityVersion = "Xcode 3.2";
			developmentRegion = English;
			hasScannedForEncodings = 0;
			knownRegions = (
				en,
				Base,
			);
			mainGroup = 74F1F6131C83287100B997C9;
			productRefGroup = 74F1F61D1C83287100B997C9 /* Products */;
			projectDirPath = "";
			projectRoot = "";
			targets = (
				74F1F61B1C83287100B997C9 /* BlueprintFour */,
				74F1F62F1C83287300B997C9 /* BlueprintFourTests */,
				74F1F63A1C83287300B997C9 /* BlueprintFourUITests */,
			);
		};
/* End PBXProject section */

/* Begin PBXResourcesBuildPhase section */
		74F1F61A1C83287100B997C9 /* Resources */ = {
			isa = PBXResourcesBuildPhase;
			buildActionMask = 2147483647;
			files = (
				74F1F62A1C83287200B997C9 /* LaunchScreen.storyboard in Resources */,
				74F1F6271C83287200B997C9 /* Assets.xcassets in Resources */,
				74F1F6251C83287100B997C9 /* Main.storyboard in Resources */,
			);
			runOnlyForDeploymentPostprocessing = 0;
		};
		74F1F62E1C83287300B997C9 /* Resources */ = {
			isa = PBXResourcesBuildPhase;
			buildActionMask = 2147483647;
			files = (
			);
			runOnlyForDeploymentPostprocessing = 0;
		};
		74F1F6391C83287300B997C9 /* Resources */ = {
			isa = PBXResourcesBuildPhase;
			buildActionMask = 2147483647;
			files = (
			);
			runOnlyForDeploymentPostprocessing = 0;
		};
/* End PBXResourcesBuildPhase section */

/* Begin PBXSourcesBuildPhase section */
		74F1F6181C83287100B997C9 /* Sources */ = {
			isa = PBXSourcesBuildPhase;
			buildActionMask = 2147483647;
			files = (
				74F1F6221C83287100B997C9 /* ViewController.swift in Sources */,
				74F1F6201C83287100B997C9 /* AppDelegate.swift in Sources */,
			);
			runOnlyForDeploymentPostprocessing = 0;
		};
		74F1F62C1C83287300B997C9 /* Sources */ = {
			isa = PBXSourcesBuildPhase;
			buildActionMask = 2147483647;
			files = (
				74F1F6351C83287300B997C9 /* BlueprintFourTests.swift in Sources */,
			);
			runOnlyForDeploymentPostprocessing = 0;
		};
		74F1F6371C83287300B997C9 /* Sources */ = {
			isa = PBXSourcesBuildPhase;
			buildActionMask = 2147483647;
			files = (
				74F1F6401C83287400B997C9 /* BlueprintFourUITests.swift in Sources */,
			);
			runOnlyForDeploymentPostprocessing = 0;
		};
/* End PBXSourcesBuildPhase section */

/* Begin PBXTargetDependency section */
		74F1F6321C83287300B997C9 /* PBXTargetDependency */ = {
			isa = PBXTargetDependency;
			target = 74F1F61B1C83287100B997C9 /* BlueprintFour */;
			targetProxy = 74F1F6311C83287300B997C9 /* PBXContainerItemProxy */;
		};
		74F1F63D1C83287300B997C9 /* PBXTargetDependency */ = {
			isa = PBXTargetDependency;
			target = 74F1F61B1C83287100B997C9 /* BlueprintFour */;
			targetProxy = 74F1F63C1C83287300B997C9 /* PBXContainerItemProxy */;
		};
/* End PBXTargetDependency section */

/* Begin PBXVariantGroup section */
		74F1F6231C83287100B997C9 /* Main.storyboard */ = {
			isa = PBXVariantGroup;
			children = (
				74F1F6241C83287100B997C9 /* Base */,
			);
			name = Main.storyboard;
			sourceTree = "<group>";
		};
		74F1F6281C83287200B997C9 /* LaunchScreen.storyboard */ = {
			isa = PBXVariantGroup;
			children = (
				74F1F6291C83287200B997C9 /* Base */,
			);
			name = LaunchScreen.storyboard;
			sourceTree = "<group>";
		};
/* End PBXVariantGroup section */

/* Begin XCBuildConfiguration section */
		74F1F6421C83287400B997C9 /* Debug */ = {
			isa = XCBuildConfiguration;
			buildSettings = {
				ALWAYS_SEARCH_USER_PATHS = NO;
				CLANG_CXX_LANGUAGE_STANDARD = "gnu++0x";
				CLANG_CXX_LIBRARY = "libc++";
				CLANG_ENABLE_MODULES = YES;
				CLANG_ENABLE_OBJC_ARC = YES;
				CLANG_WARN_BOOL_CONVERSION = YES;
				CLANG_WARN_CONSTANT_CONVERSION = YES;
				CLANG_WARN_DIRECT_OBJC_ISA_USAGE = YES_ERROR;
				CLANG_WARN_EMPTY_BODY = YES;
				CLANG_WARN_ENUM_CONVERSION = YES;
				CLANG_WARN_INT_CONVERSION = YES;
				CLANG_WARN_OBJC_ROOT_CLASS = YES_ERROR;
				CLANG_WARN_UNREACHABLE_CODE = YES;
				CLANG_WARN__DUPLICATE_METHOD_MATCH = YES;
				"CODE_SIGN_IDENTITY[sdk=iphoneos*]" = "iPhone Developer";
				COPY_PHASE_STRIP = NO;
				DEBUG_INFORMATION_FORMAT = dwarf;
				ENABLE_STRICT_OBJC_MSGSEND = YES;
				ENABLE_TESTABILITY = YES;
				GCC_C_LANGUAGE_STANDARD = gnu99;
				GCC_DYNAMIC_NO_PIC = NO;
				GCC_NO_COMMON_BLOCKS = YES;
				GCC_OPTIMIZATION_LEVEL = 0;
				GCC_PREPROCESSOR_DEFINITIONS = (
					"DEBUG=1",
					"$(inherited)",
				);
				GCC_WARN_64_TO_32_BIT_CONVERSION = YES;
				GCC_WARN_ABOUT_RETURN_TYPE = YES_ERROR;
				GCC_WARN_UNDECLARED_SELECTOR = YES;
				GCC_WARN_UNINITIALIZED_AUTOS = YES_AGGRESSIVE;
				GCC_WARN_UNUSED_FUNCTION = YES;
				GCC_WARN_UNUSED_VARIABLE = YES;
				IPHONEOS_DEPLOYMENT_TARGET = 9.1;
				MTL_ENABLE_DEBUG_INFO = YES;
				ONLY_ACTIVE_ARCH = YES;
				SDKROOT = iphoneos;
				SWIFT_OPTIMIZATION_LEVEL = "-Onone";
				TARGETED_DEVICE_FAMILY = "1,2";
			};
			name = Debug;
		};
		74F1F6431C83287400B997C9 /* Release */ = {
			isa = XCBuildConfiguration;
			buildSettings = {
				ALWAYS_SEARCH_USER_PATHS = NO;
				CLANG_CXX_LANGUAGE_STANDARD = "gnu++0x";
				CLANG_CXX_LIBRARY = "libc++";
				CLANG_ENABLE_MODULES = YES;
				CLANG_ENABLE_OBJC_ARC = YES;
				CLANG_WARN_BOOL_CONVERSION = YES;
				CLANG_WARN_CONSTANT_CONVERSION = YES;
				CLANG_WARN_DIRECT_OBJC_ISA_USAGE = YES_ERROR;
				CLANG_WARN_EMPTY_BODY = YES;
				CLANG_WARN_ENUM_CONVERSION = YES;
				CLANG_WARN_INT_CONVERSION = YES;
				CLANG_WARN_OBJC_ROOT_CLASS = YES_ERROR;
				CLANG_WARN_UNREACHABLE_CODE = YES;
				CLANG_WARN__DUPLICATE_METHOD_MATCH = YES;
				"CODE_SIGN_IDENTITY[sdk=iphoneos*]" = "iPhone Developer";
				COPY_PHASE_STRIP = NO;
				DEBUG_INFORMATION_FORMAT = "dwarf-with-dsym";
				ENABLE_NS_ASSERTIONS = NO;
				ENABLE_STRICT_OBJC_MSGSEND = YES;
				GCC_C_LANGUAGE_STANDARD = gnu99;
				GCC_NO_COMMON_BLOCKS = YES;
				GCC_WARN_64_TO_32_BIT_CONVERSION = YES;
				GCC_WARN_ABOUT_RETURN_TYPE = YES_ERROR;
				GCC_WARN_UNDECLARED_SELECTOR = YES;
				GCC_WARN_UNINITIALIZED_AUTOS = YES_AGGRESSIVE;
				GCC_WARN_UNUSED_FUNCTION = YES;
				GCC_WARN_UNUSED_VARIABLE = YES;
				IPHONEOS_DEPLOYMENT_TARGET = 9.1;
				MTL_ENABLE_DEBUG_INFO = NO;
				SDKROOT = iphoneos;
				TARGETED_DEVICE_FAMILY = "1,2";
				VALIDATE_PRODUCT = YES;
			};
			name = Release;
		};
		74F1F6451C83287400B997C9 /* Debug */ = {
			isa = XCBuildConfiguration;
			buildSettings = {
				ASSETCATALOG_COMPILER_APPICON_NAME = AppIcon;
				INFOPLIST_FILE = BlueprintFour/Info.plist;
				LD_RUNPATH_SEARCH_PATHS = "$(inherited) @executable_path/Frameworks";
				PRODUCT_BUNDLE_IDENTIFIER = MADClub.BlueprintFour;
				PRODUCT_NAME = "$(TARGET_NAME)";
			};
			name = Debug;
		};
		74F1F6461C83287400B997C9 /* Release */ = {
			isa = XCBuildConfiguration;
			buildSettings = {
				ASSETCATALOG_COMPILER_APPICON_NAME = AppIcon;
				INFOPLIST_FILE = BlueprintFour/Info.plist;
				LD_RUNPATH_SEARCH_PATHS = "$(inherited) @executable_path/Frameworks";
				PRODUCT_BUNDLE_IDENTIFIER = MADClub.BlueprintFour;
				PRODUCT_NAME = "$(TARGET_NAME)";
			};
			name = Release;
		};
		74F1F6481C83287400B997C9 /* Debug */ = {
			isa = XCBuildConfiguration;
			buildSettings = {
				BUNDLE_LOADER = "$(TEST_HOST)";
				INFOPLIST_FILE = BlueprintFourTests/Info.plist;
				LD_RUNPATH_SEARCH_PATHS = "$(inherited) @executable_path/Frameworks @loader_path/Frameworks";
				PRODUCT_BUNDLE_IDENTIFIER = MADClub.BlueprintFourTests;
				PRODUCT_NAME = "$(TARGET_NAME)";
				TEST_HOST = "$(BUILT_PRODUCTS_DIR)/BlueprintFour.app/BlueprintFour";
			};
			name = Debug;
		};
		74F1F6491C83287400B997C9 /* Release */ = {
			isa = XCBuildConfiguration;
			buildSettings = {
				BUNDLE_LOADER = "$(TEST_HOST)";
				INFOPLIST_FILE = BlueprintFourTests/Info.plist;
				LD_RUNPATH_SEARCH_PATHS = "$(inherited) @executable_path/Frameworks @loader_path/Frameworks";
				PRODUCT_BUNDLE_IDENTIFIER = MADClub.BlueprintFourTests;
				PRODUCT_NAME = "$(TARGET_NAME)";
				TEST_HOST = "$(BUILT_PRODUCTS_DIR)/BlueprintFour.app/BlueprintFour";
			};
			name = Release;
		};
		74F1F64B1C83287400B997C9 /* Debug */ = {
			isa = XCBuildConfiguration;
			buildSettings = {
				INFOPLIST_FILE = BlueprintFourUITests/Info.plist;
				LD_RUNPATH_SEARCH_PATHS = "$(inherited) @executable_path/Frameworks @loader_path/Frameworks";
				PRODUCT_BUNDLE_IDENTIFIER = MADClub.BlueprintFourUITests;
				PRODUCT_NAME = "$(TARGET_NAME)";
				TEST_TARGET_NAME = BlueprintFour;
				USES_XCTRUNNER = YES;
			};
			name = Debug;
		};
		74F1F64C1C83287400B997C9 /* Release */ = {
			isa = XCBuildConfiguration;
			buildSettings = {
				INFOPLIST_FILE = BlueprintFourUITests/Info.plist;
				LD_RUNPATH_SEARCH_PATHS = "$(inherited) @executable_path/Frameworks @loader_path/Frameworks";
				PRODUCT_BUNDLE_IDENTIFIER = MADClub.BlueprintFourUITests;
				PRODUCT_NAME = "$(TARGET_NAME)";
				TEST_TARGET_NAME = BlueprintFour;
				USES_XCTRUNNER = YES;
			};
			name = Release;
		};
/* End XCBuildConfiguration section */

/* Begin XCConfigurationList section */
		74F1F6171C83287100B997C9 /* Build configuration list for PBXProject "BlueprintFour" */ = {
			isa = XCConfigurationList;
			buildConfigurations = (
				74F1F6421C83287400B997C9 /* Debug */,
				74F1F6431C83287400B997C9 /* Release */,
			);
			defaultConfigurationIsVisible = 0;
			defaultConfigurationName = Release;
		};
		74F1F6441C83287400B997C9 /* Build configuration list for PBXNativeTarget "BlueprintFour" */ = {
			isa = XCConfigurationList;
			buildConfigurations = (
				74F1F6451C83287400B997C9 /* Debug */,
				74F1F6461C83287400B997C9 /* Release */,
			);
			defaultConfigurationIsVisible = 0;
		};
		74F1F6471C83287400B997C9 /* Build configuration list for PBXNativeTarget "BlueprintFourTests" */ = {
			isa = XCConfigurationList;
			buildConfigurations = (
				74F1F6481C83287400B997C9 /* Debug */,
				74F1F6491C83287400B997C9 /* Release */,
			);
			defaultConfigurationIsVisible = 0;
		};
		74F1F64A1C83287400B997C9 /* Build configuration list for PBXNativeTarget "BlueprintFourUITests" */ = {
			isa = XCConfigurationList;
			buildConfigurations = (
				74F1F64B1C83287400B997C9 /* Debug */,
				74F1F64C1C83287400B997C9 /* Release */,
			);
			defaultConfigurationIsVisible = 0;
		};
/* End XCConfigurationList section */
	};
	rootObject = 74F1F6141C83287100B997C9 /* Project object */;
}
